
Microsoft Visual Studio Solution File, Format Version 12.00
# Visual Studio Version 17
VisualStudioVersion = 17.9.34622.214
MinimumVisualStudioVersion = 10.0.40219.1
Project("{FAE04EC0-301F-11D3-BF4B-00C04F79EFBC}") = "write", "write\write.csproj", "{B3DD3FBF-1C12-4B85-A275-EE1BD601A7BA}"
EndProject
Global
	GlobalSection(SolutionConfigurationPlatforms) = preSolution
		Debug|Any CPU = Debug|Any CPU
		Release|Any CPU = Release|Any CPU
	EndGlobalSection
	GlobalSection(ProjectConfigurationPlatforms) = postSolution
		{B3DD3FBF-1C12-4B85-A275-EE1BD601A7BA}.Debug|Any CPU.ActiveCfg = Debug|Any CPU
		{B3DD3FBF-1C12-4B85-A275-EE1BD601A7BA}.Debug|Any CPU.Build.0 = Debug|Any CPU
		{B3DD3FBF-1C12-4B85-A275-EE1BD601A7BA}.Release|Any CPU.ActiveCfg = Release|Any CPU
		{B3DD3FBF-1C12-4B85-A275-EE1BD601A7BA}.Release|Any CPU.Build.0 = Release|Any CPU
	EndGlobalSection
	GlobalSection(SolutionProperties) = preSolution
		HideSolutionNode = FALSE
	EndGlobalSection
	GlobalSection(ExtensibilityGlobals) = postSolution
		SolutionGuid = {CD91090E-C64C-452C-8FA5-A56EDA365A93}
	EndGlobalSection
EndGlobal
